
Microsoft Visual Studio Solution File, Format Version 12.00
# Visual Studio Version 16
VisualStudioVersion = 16.0.30621.155
MinimumVisualStudioVersion = 10.0.40219.1
Project("{FAE04EC0-301F-11D3-BF4B-00C04F79EFBC}") = "Kurs", "Kurs\Kurs.csproj", "{7E932ED6-213C-44DA-8B5F-15041099BDFF}"
EndProject
Global
	GlobalSection(SolutionConfigurationPlatforms) = preSolution
		Debug|Any CPU = Debug|Any CPU
		Release|Any CPU = Release|Any CPU
	EndGlobalSection
	GlobalSection(ProjectConfigurationPlatforms) = postSolution
		{7E932ED6-213C-44DA-8B5F-15041099BDFF}.Debug|Any CPU.ActiveCfg = Debug|Any CPU
		{7E932ED6-213C-44DA-8B5F-15041099BDFF}.Debug|Any CPU.Build.0 = Debug|Any CPU
		{7E932ED6-213C-44DA-8B5F-15041099BDFF}.Release|Any CPU.ActiveCfg = Release|Any CPU
		{7E932ED6-213C-44DA-8B5F-15041099BDFF}.Release|Any CPU.Build.0 = Release|Any CPU
	EndGlobalSection
	GlobalSection(SolutionProperties) = preSolution
		HideSolutionNode = FALSE
	EndGlobalSection
	GlobalSection(ExtensibilityGlobals) = postSolution
		SolutionGuid = {A16B7FBB-742E-4D8A-964F-98296E8F1D59}
	EndGlobalSection
EndGlobal
